
Microsoft Visual Studio Solution File, Format Version 12.00
# Visual Studio 15
VisualStudioVersion = 15.0.27703.2000
MinimumVisualStudioVersion = 10.0.40219.1
Project("{FAE04EC0-301F-11D3-BF4B-00C04F79EFBC}") = "AutoSurvey_WPF", "AutoSurvey_WPF\AutoSurvey_WPF.csproj", "{F44784E2-56D6-4CFA-A2FC-4540FA530CFF}"
EndProject
Global
	GlobalSection(SolutionConfigurationPlatforms) = preSolution
		Debug|Any CPU = Debug|Any CPU
		Release|Any CPU = Release|Any CPU
	EndGlobalSection
	GlobalSection(ProjectConfigurationPlatforms) = postSolution
		{F44784E2-56D6-4CFA-A2FC-4540FA530CFF}.Debug|Any CPU.ActiveCfg = Debug|Any CPU
		{F44784E2-56D6-4CFA-A2FC-4540FA530CFF}.Debug|Any CPU.Build.0 = Debug|Any CPU
		{F44784E2-56D6-4CFA-A2FC-4540FA530CFF}.Release|Any CPU.ActiveCfg = Release|Any CPU
		{F44784E2-56D6-4CFA-A2FC-4540FA530CFF}.Release|Any CPU.Build.0 = Release|Any CPU
	EndGlobalSection
	GlobalSection(SolutionProperties) = preSolution
		HideSolutionNode = FALSE
	EndGlobalSection
	GlobalSection(ExtensibilityGlobals) = postSolution
		SolutionGuid = {A0B3FE3D-3368-44F6-877F-4C54EF2B3A6F}
	EndGlobalSection
EndGlobal
